
Microsoft Visual Studio Solution File, Format Version 12.00
# Visual Studio 2013
VisualStudioVersion = 12.0.31101.0
MinimumVisualStudioVersion = 10.0.40219.1
Project("{159641D6-6404-4A2A-AE62-294DE0FE8301}") = "Cargar datos WEB", "Cargar datos WEB\Cargar datos WEB.dtproj", "{0567BD63-52A7-4D93-84BC-FA2245AB84DA}"
EndProject
Global
	GlobalSection(SolutionConfigurationPlatforms) = preSolution
		Development|Default = Development|Default
	EndGlobalSection
	GlobalSection(ProjectConfigurationPlatforms) = postSolution
		{0567BD63-52A7-4D93-84BC-FA2245AB84DA}.Development|Default.ActiveCfg = Development
		{0567BD63-52A7-4D93-84BC-FA2245AB84DA}.Development|Default.Build.0 = Development
	EndGlobalSection
	GlobalSection(SolutionProperties) = preSolution
		HideSolutionNode = FALSE
	EndGlobalSection
EndGlobal
