
Microsoft Visual Studio Solution File, Format Version 12.00
# Visual Studio 2013
VisualStudioVersion = 12.0.31101.0
MinimumVisualStudioVersion = 10.0.40219.1
Project("{FAE04EC0-301F-11D3-BF4B-00C04F79EFBC}") = "AplicacionCalidad", "AplicacionCalidad\AplicacionCalidad.csproj", "{D612BD24-5F14-403B-B813-0F3AEB104635}"
EndProject
Project("{FAE04EC0-301F-11D3-BF4B-00C04F79EFBC}") = "Datos_Calidad", "Datos_Calidad\Datos_Calidad.csproj", "{841DAAF8-DDFF-44EC-AE0F-71F93C229267}"
EndProject
Global
	GlobalSection(SolutionConfigurationPlatforms) = preSolution
		Debug|Any CPU = Debug|Any CPU
		Release|Any CPU = Release|Any CPU
	EndGlobalSection
	GlobalSection(ProjectConfigurationPlatforms) = postSolution
		{D612BD24-5F14-403B-B813-0F3AEB104635}.Debug|Any CPU.ActiveCfg = Debug|Any CPU
		{D612BD24-5F14-403B-B813-0F3AEB104635}.Debug|Any CPU.Build.0 = Debug|Any CPU
		{D612BD24-5F14-403B-B813-0F3AEB104635}.Release|Any CPU.ActiveCfg = Release|Any CPU
		{D612BD24-5F14-403B-B813-0F3AEB104635}.Release|Any CPU.Build.0 = Release|Any CPU
		{841DAAF8-DDFF-44EC-AE0F-71F93C229267}.Debug|Any CPU.ActiveCfg = Debug|Any CPU
		{841DAAF8-DDFF-44EC-AE0F-71F93C229267}.Debug|Any CPU.Build.0 = Debug|Any CPU
		{841DAAF8-DDFF-44EC-AE0F-71F93C229267}.Release|Any CPU.ActiveCfg = Release|Any CPU
		{841DAAF8-DDFF-44EC-AE0F-71F93C229267}.Release|Any CPU.Build.0 = Release|Any CPU
	EndGlobalSection
	GlobalSection(SolutionProperties) = preSolution
		HideSolutionNode = FALSE
	EndGlobalSection
EndGlobal
